# This file is generated by running "yarn install" inside your project.
# Manual changes might be lost - proceed with caution!

__metadata:
  version: 4

"ansi-regex@npm:^3.0.0":
  version: 3.0.0
  resolution: "ansi-regex@npm:3.0.0"
  checksum: 8bb91d5a72509b4930774afcbb086c6dda4c31c5557a89ff6b29dddb7830204b7835e7e035970652a2e7b8ace0f06001890a1d826b330c731715387db959004e
  languageName: node
  linkType: hard

"cli-progress@npm:^3.6.0":
  version: 3.6.0
  resolution: "cli-progress@npm:3.6.0"
  dependencies:
    colors: ^1.1.2
    string-width: ^2.1.1
  checksum: 398efb1f3fa4591768933f74370a473874e8fe299eabfb528d66c3fa008ef6fa5b7aac81db505ef09605614d080a8ed75a8efbcbda0b22190f1a44714eb9ad1e
  languageName: node
  linkType: hard

"colors@npm:^1.1.2, colors@npm:^1.4.0":
  version: 1.4.0
  resolution: "colors@npm:1.4.0"
  checksum: c138855287ed57a9daf09802b1749a8ef1eb6c274fa79a85ed80f723a9f1ce842a55b9b4df2165455267168124d1cf3a41e63757c2ecf95fd234c63c2c6af3db
  languageName: node
  linkType: hard

"is-fullwidth-code-point@npm:^2.0.0":
  version: 2.0.0
  resolution: "is-fullwidth-code-point@npm:2.0.0"
  checksum: ab96662efbb49a1e33dd59bdf1451e913c69bf407daae26e2ad6f64458bcbb1b5d5a91b1d95c690540da00f7183e53d7a0b81b9d494073e85e7bd75410a6f358
  languageName: node
  linkType: hard

"root-workspace-0b6124@workspace:.":
  version: 0.0.0-use.local
  resolution: "root-workspace-0b6124@workspace:."
  dependencies:
    cli-progress: ^3.6.0
    colors: ^1.4.0
  languageName: unknown
  linkType: soft

"string-width@npm:^2.1.1":
  version: 2.1.1
  resolution: "string-width@npm:2.1.1"
  dependencies:
    is-fullwidth-code-point: ^2.0.0
    strip-ansi: ^4.0.0
  checksum: 0c8d175d8414245688a2ea59bdd600760c7efdaf99571708ce9171a82d3da8bfd2056fb4cd1aca40e6d9854945270a501fedff59fcd1aabaef2eefcdfea1d9ce
  languageName: node
  linkType: hard

"strip-ansi@npm:^4.0.0":
  version: 4.0.0
  resolution: "strip-ansi@npm:4.0.0"
  dependencies:
    ansi-regex: ^3.0.0
  checksum: 65d6d40d63adccbf03deeb2919a303ea571933ce3dc463087745da3f5a7c14caa30a2776c3ea2b941c220abf7d4acd8e9922fd4335d5988508ddadbf1aa9d94a
  languageName: node
  linkType: hard
